// !$*UTF8*$!
{
	archiveVersion = 1;
	classes = {
	};
	objectVersion = 46;
	objects = {

/* Begin PBXAggregateTarget section */
		09A6D4B2713B4382A2E02325 /* ALL_BUILD */ = {
			isa = PBXAggregateTarget;
			buildConfigurationList = 59D701176A654D2A8F01AAF7 /* Build configuration list for PBXAggregateTarget "ALL_BUILD" */;
			buildPhases = (
				79BEEF70191B986E74FA38C4 /* Generate CMakeFiles/ALL_BUILD */,
			);
			dependencies = (
				EFA7F96855F24846B3FD6BD4 /* PBXTargetDependency */,
				5D6923423F624A3B8C73BB33 /* PBXTargetDependency */,
			);
			name = ALL_BUILD;
			productName = ALL_BUILD;
		};
		B2B5FCDBF51143CC8EDEDB03 /* ZERO_CHECK */ = {
			isa = PBXAggregateTarget;
			buildConfigurationList = E35B719E3F7940B0A7E662C1 /* Build configuration list for PBXAggregateTarget "ZERO_CHECK" */;
			buildPhases = (
				F1E03B3377832B77C6629865 /* Generate CMakeFiles/ZERO_CHECK */,
			);
			dependencies = (
			);
			name = ZERO_CHECK;
			productName = ZERO_CHECK;
		};
/* End PBXAggregateTarget section */

/* Begin PBXBuildFile section */
		E22A30505F134447A8F912B8 /* /Users/sohailshafii/src/AIPrograms/LogisticRegressionTest/src/main.cpp */ = {isa = PBXBuildFile; fileRef = AD173CDE463D494CA6E5972F /* /Users/sohailshafii/src/AIPrograms/LogisticRegressionTest/src/main.cpp */; };
		F00B090BCC334E21B385C05B /* /Users/sohailshafii/src/AIPrograms/LogisticRegressionTest/CMakeLists.txt */ = {isa = PBXBuildFile; fileRef = 3157E004D88A43759CFE1330 /* /Users/sohailshafii/src/AIPrograms/LogisticRegressionTest/CMakeLists.txt */; };
/* End PBXBuildFile section */

/* Begin PBXBuildStyle section */
		9557958F96BC427F92645287 /* Release */ = {
			isa = PBXBuildStyle;
			buildSettings = {
				COPY_PHASE_STRIP = NO;
			};
			name = Release;
		};
		C9E7BFE0614742BDBF0727D6 /* MinSizeRel */ = {
			isa = PBXBuildStyle;
			buildSettings = {
				COPY_PHASE_STRIP = NO;
			};
			name = MinSizeRel;
		};
		F553547CBA7F419180647354 /* RelWithDebInfo */ = {
			isa = PBXBuildStyle;
			buildSettings = {
				COPY_PHASE_STRIP = NO;
			};
			name = RelWithDebInfo;
		};
		FA39E06BEA3B477AAA8B0042 /* Debug */ = {
			isa = PBXBuildStyle;
			buildSettings = {
				COPY_PHASE_STRIP = NO;
			};
			name = Debug;
		};
/* End PBXBuildStyle section */

/* Begin PBXContainerItemProxy section */
		E7B5BE739F904B1D82B83A74 /* PBXContainerItemProxy */ = {
			isa = PBXContainerItemProxy;
			containerPortal = CFF8A9C51CC549D79605AF6B /* Project object */;
			proxyType = 1;
			remoteGlobalIDString = B2B5FCDBF51143CC8EDEDB03;
			remoteInfo = ZERO_CHECK;
		};
		F4111ED74CC642E6A4A33470 /* PBXContainerItemProxy */ = {
			isa = PBXContainerItemProxy;
			containerPortal = CFF8A9C51CC549D79605AF6B /* Project object */;
			proxyType = 1;
			remoteGlobalIDString = 3FE6460974E74380A6F1D203;
			remoteInfo = LogisticRegressionTest;
		};
		FC2CD32FA2B0461A936B9045 /* PBXContainerItemProxy */ = {
			isa = PBXContainerItemProxy;
			containerPortal = CFF8A9C51CC549D79605AF6B /* Project object */;
			proxyType = 1;
			remoteGlobalIDString = B2B5FCDBF51143CC8EDEDB03;
			remoteInfo = ZERO_CHECK;
		};
/* End PBXContainerItemProxy section */

/* Begin PBXFileReference section */
		3157E004D88A43759CFE1330 /* /Users/sohailshafii/src/AIPrograms/LogisticRegressionTest/CMakeLists.txt */ = {isa = PBXFileReference; explicitFileType = sourcecode.text; fileEncoding = 4; name = CMakeLists.txt; path = CMakeLists.txt; sourceTree = SOURCE_ROOT; };
		415131308E3946CB8A1E89B7 /* LogisticRegressionTest */ = {isa = PBXFileReference; explicitFileType = "compiled.mach-o.executable"; path = LogisticRegressionTest; sourceTree = BUILT_PRODUCTS_DIR; };
		74DF23F5D2AB4B5892B35D8F /* /Users/sohailshafii/src/AIPrograms/LogisticRegressionTest/CMakeLists.txt */ = {isa = PBXFileReference; explicitFileType = sourcecode.text; fileEncoding = 4; name = CMakeLists.txt; path = CMakeLists.txt; sourceTree = SOURCE_ROOT; };
		AD173CDE463D494CA6E5972F /* /Users/sohailshafii/src/AIPrograms/LogisticRegressionTest/src/main.cpp */ = {isa = PBXFileReference; explicitFileType = sourcecode.cpp.cpp; fileEncoding = 4; name = main.cpp; path = src/main.cpp; sourceTree = SOURCE_ROOT; };
/* End PBXFileReference section */

/* Begin PBXFrameworksBuildPhase section */
		C5124796B0EC47CDBC769C6A /* Frameworks */ = {
			isa = PBXFrameworksBuildPhase;
			buildActionMask = 2147483647;
			files = (
			);
			runOnlyForDeploymentPostprocessing = 0;
		};
/* End PBXFrameworksBuildPhase section */

/* Begin PBXGroup section */
		140933A3169941DE8F459A54 /* Source Files */ = {
			isa = PBXGroup;
			children = (
				AD173CDE463D494CA6E5972F /* /Users/sohailshafii/src/AIPrograms/LogisticRegressionTest/src/main.cpp */,
			);
			name = "Source Files";
			sourceTree = "<group>";
		};
		14CE89B5ED2B42C59E3BE4A8 /* Products */ = {
			isa = PBXGroup;
			children = (
				415131308E3946CB8A1E89B7 /* LogisticRegressionTest */,
			);
			name = Products;
			sourceTree = "<group>";
		};
		380EFA7B3E444EDCA6F5E5AB /* CMake Rules */ = {
			isa = PBXGroup;
			children = (
			);
			name = "CMake Rules";
			sourceTree = "<group>";
		};
		3BFEEB698EA847B1B2034545 /* ALL_BUILD */ = {
			isa = PBXGroup;
			children = (
				380EFA7B3E444EDCA6F5E5AB /* CMake Rules */,
				74DF23F5D2AB4B5892B35D8F /* /Users/sohailshafii/src/AIPrograms/LogisticRegressionTest/CMakeLists.txt */,
			);
			name = ALL_BUILD;
			sourceTree = "<group>";
		};
		4B1F6AA0668A4D26A9E0909D /* Frameworks */ = {
			isa = PBXGroup;
			children = (
			);
			name = Frameworks;
			sourceTree = "<group>";
		};
		680EA458616C47658982E3C4 = {
			isa = PBXGroup;
			children = (
				88CD4D9E62754F7CAD47E84E /* LogisticRegressionTest */,
				3BFEEB698EA847B1B2034545 /* ALL_BUILD */,
				14CE89B5ED2B42C59E3BE4A8 /* Products */,
				4B1F6AA0668A4D26A9E0909D /* Frameworks */,
				C9CC6F7A428E440AB17AAC4F /* Resources */,
			);
			sourceTree = "<group>";
		};
		88CD4D9E62754F7CAD47E84E /* LogisticRegressionTest */ = {
			isa = PBXGroup;
			children = (
				140933A3169941DE8F459A54 /* Source Files */,
				3157E004D88A43759CFE1330 /* /Users/sohailshafii/src/AIPrograms/LogisticRegressionTest/CMakeLists.txt */,
			);
			name = LogisticRegressionTest;
			sourceTree = "<group>";
		};
		C9CC6F7A428E440AB17AAC4F /* Resources */ = {
			isa = PBXGroup;
			children = (
			);
			name = Resources;
			sourceTree = "<group>";
		};
/* End PBXGroup section */

/* Begin PBXNativeTarget section */
		3FE6460974E74380A6F1D203 /* LogisticRegressionTest */ = {
			isa = PBXNativeTarget;
			buildConfigurationList = 4C21CD0EE2244892976706FD /* Build configuration list for PBXNativeTarget "LogisticRegressionTest" */;
			buildPhases = (
				2EB7F48241404183BC9204AA /* Sources */,
				C5124796B0EC47CDBC769C6A /* Frameworks */,
			);
			buildRules = (
			);
			dependencies = (
				B99A655377464F6682111156 /* PBXTargetDependency */,
			);
			name = LogisticRegressionTest;
			productName = LogisticRegressionTest;
			productReference = 415131308E3946CB8A1E89B7 /* LogisticRegressionTest */;
			productType = "com.apple.product-type.tool";
		};
/* End PBXNativeTarget section */

/* Begin PBXProject section */
		CFF8A9C51CC549D79605AF6B /* Project object */ = {
			isa = PBXProject;
			attributes = {
				BuildIndependentTargetsInParallel = YES;
				LastUpgradeCheck = 1640;
			};
			buildConfigurationList = 348CCD114C90433AA6DCE52F /* Build configuration list for PBXProject "LogisticRegressionTest" */;
			buildSettings = {
			};
			buildStyles = (
				FA39E06BEA3B477AAA8B0042 /* Debug */,
				9557958F96BC427F92645287 /* Release */,
				C9E7BFE0614742BDBF0727D6 /* MinSizeRel */,
				F553547CBA7F419180647354 /* RelWithDebInfo */,
			);
			compatibilityVersion = "Xcode 3.2";
			hasScannedForEncodings = 0;
			mainGroup = 680EA458616C47658982E3C4;
			projectDirPath = .;
			projectRoot = "";
			targets = (
				09A6D4B2713B4382A2E02325 /* ALL_BUILD */,
				3FE6460974E74380A6F1D203 /* LogisticRegressionTest */,
				B2B5FCDBF51143CC8EDEDB03 /* ZERO_CHECK */,
			);
		};
/* End PBXProject section */

/* Begin PBXShellScriptBuildPhase section */
		3C0110FC8322DE7E50886E21 = {
			isa = PBXShellScriptBuildPhase;
			buildActionMask = 2147483647;
			files = (
			);
			inputPaths = (
			);
			outputPaths = (
			);
			runOnlyForDeploymentPostprocessing = 0;
			shellPath = /bin/sh;
			shellScript = "# shell script goes here
exit 0";
			showEnvVarsInLog = 0;
		};
		79BEEF70191B986E74FA38C4 /* Generate CMakeFiles/ALL_BUILD */ = {
			isa = PBXShellScriptBuildPhase;
			alwaysOutOfDate = 1;
			buildActionMask = 2147483647;
			files = (
			);
			inputPaths = (
			);
			name = "Generate CMakeFiles/ALL_BUILD";
			outputPaths = (
/Users/sohailshafii/src/AIPrograms/LogisticRegressionTest/CMakeFiles/ALL_BUILD			);
			runOnlyForDeploymentPostprocessing = 0;
			shellPath = /bin/sh;
			shellScript = "set -e
if test \"$CONFIGURATION\" = \"Debug\"; then :
  cd /Users/sohailshafii/src/AIPrograms/LogisticRegressionTest
  echo Build\\ all\\ projects
fi
if test \"$CONFIGURATION\" = \"Release\"; then :
  cd /Users/sohailshafii/src/AIPrograms/LogisticRegressionTest
  echo Build\\ all\\ projects
fi
if test \"$CONFIGURATION\" = \"MinSizeRel\"; then :
  cd /Users/sohailshafii/src/AIPrograms/LogisticRegressionTest
  echo Build\\ all\\ projects
fi
if test \"$CONFIGURATION\" = \"RelWithDebInfo\"; then :
  cd /Users/sohailshafii/src/AIPrograms/LogisticRegressionTest
  echo Build\\ all\\ projects
fi
";
			showEnvVarsInLog = 0;
		};
		9B50530E35CC49C82C2FACCF = {
			isa = PBXShellScriptBuildPhase;
			buildActionMask = 2147483647;
			files = (
			);
			inputPaths = (
			);
			outputPaths = (
			);
			runOnlyForDeploymentPostprocessing = 0;
			shellPath = /bin/sh;
			shellScript = "# shell script goes here
exit 0";
			showEnvVarsInLog = 0;
		};
		F1E03B3377832B77C6629865 /* Generate CMakeFiles/ZERO_CHECK */ = {
			isa = PBXShellScriptBuildPhase;
			alwaysOutOfDate = 1;
			buildActionMask = 2147483647;
			files = (
			);
			inputPaths = (
			);
			name = "Generate CMakeFiles/ZERO_CHECK";
			outputPaths = (
/Users/sohailshafii/src/AIPrograms/LogisticRegressionTest/CMakeFiles/ZERO_CHECK			);
			runOnlyForDeploymentPostprocessing = 0;
			shellPath = /bin/sh;
			shellScript = "set -e
if test \"$CONFIGURATION\" = \"Debug\"; then :
  cd /Users/sohailshafii/src/AIPrograms/LogisticRegressionTest
  make -f /Users/sohailshafii/src/AIPrograms/LogisticRegressionTest/CMakeScripts/ReRunCMake.make
fi
if test \"$CONFIGURATION\" = \"Release\"; then :
  cd /Users/sohailshafii/src/AIPrograms/LogisticRegressionTest
  make -f /Users/sohailshafii/src/AIPrograms/LogisticRegressionTest/CMakeScripts/ReRunCMake.make
fi
if test \"$CONFIGURATION\" = \"MinSizeRel\"; then :
  cd /Users/sohailshafii/src/AIPrograms/LogisticRegressionTest
  make -f /Users/sohailshafii/src/AIPrograms/LogisticRegressionTest/CMakeScripts/ReRunCMake.make
fi
if test \"$CONFIGURATION\" = \"RelWithDebInfo\"; then :
  cd /Users/sohailshafii/src/AIPrograms/LogisticRegressionTest
  make -f /Users/sohailshafii/src/AIPrograms/LogisticRegressionTest/CMakeScripts/ReRunCMake.make
fi
";
			showEnvVarsInLog = 0;
		};
/* End PBXShellScriptBuildPhase section */

/* Begin PBXSourcesBuildPhase section */
		2EB7F48241404183BC9204AA /* Sources */ = {
			isa = PBXSourcesBuildPhase;
			buildActionMask = 2147483647;
			files = (
				E22A30505F134447A8F912B8 /* /Users/sohailshafii/src/AIPrograms/LogisticRegressionTest/src/main.cpp */,
			);
			runOnlyForDeploymentPostprocessing = 0;
		};
/* End PBXSourcesBuildPhase section */

/* Begin PBXTargetDependency section */
		5D6923423F624A3B8C73BB33 /* PBXTargetDependency */ = {
			isa = PBXTargetDependency;
			target = B2B5FCDBF51143CC8EDEDB03 /* ZERO_CHECK */;
			targetProxy = FC2CD32FA2B0461A936B9045 /* PBXContainerItemProxy */;
		};
		B99A655377464F6682111156 /* PBXTargetDependency */ = {
			isa = PBXTargetDependency;
			target = B2B5FCDBF51143CC8EDEDB03 /* ZERO_CHECK */;
			targetProxy = E7B5BE739F904B1D82B83A74 /* PBXContainerItemProxy */;
		};
		EFA7F96855F24846B3FD6BD4 /* PBXTargetDependency */ = {
			isa = PBXTargetDependency;
			target = 3FE6460974E74380A6F1D203 /* LogisticRegressionTest */;
			targetProxy = F4111ED74CC642E6A4A33470 /* PBXContainerItemProxy */;
		};
/* End PBXTargetDependency section */

/* Begin XCBuildConfiguration section */
		0A52F13925B643A38963CC27 /* RelWithDebInfo */ = {
			isa = XCBuildConfiguration;
			buildSettings = {
				ARCHS = arm64;
				SDKROOT = /Applications/Xcode.app/Contents/Developer/Platforms/MacOSX.platform/Developer/SDKs/MacOSX15.5.sdk;
				SWIFT_COMPILATION_MODE = wholemodule;
				SYMROOT = /Users/sohailshafii/src/AIPrograms/LogisticRegressionTest/build;
			};
			name = RelWithDebInfo;
		};
		1173A48846F24B1A94C16EE8 /* RelWithDebInfo */ = {
			isa = XCBuildConfiguration;
			buildSettings = {
				ALWAYS_SEARCH_USER_PATHS = NO;
				ARCHS = arm64;
				COMBINE_HIDPI_IMAGES = YES;
				GCC_GENERATE_DEBUGGING_SYMBOLS = YES;
				GCC_INLINES_ARE_PRIVATE_EXTERN = NO;
				GCC_OPTIMIZATION_LEVEL = 0;
				GCC_PREPROCESSOR_DEFINITIONS = ("'CMAKE_INTDIR=\"$(CONFIGURATION)$(EFFECTIVE_PLATFORM_NAME)\"'","$(inherited)");
				GCC_SYMBOLS_PRIVATE_EXTERN = NO;
				INSTALL_PATH = "";
				ONLY_ACTIVE_ARCH = NO;
				OTHER_LDFLAGS = ("","$(inherited)");
				OTHER_REZFLAGS = "";
				PRODUCT_NAME = ZERO_CHECK;
				SECTORDER_FLAGS = "";
				USE_HEADERMAP = NO;
				WARNING_CFLAGS = ("$(inherited)");
			};
			name = RelWithDebInfo;
		};
		1EC52498731E463CA7BFA055 /* MinSizeRel */ = {
			isa = XCBuildConfiguration;
			buildSettings = {
				ARCHS = arm64;
				SDKROOT = /Applications/Xcode.app/Contents/Developer/Platforms/MacOSX.platform/Developer/SDKs/MacOSX15.5.sdk;
				SWIFT_COMPILATION_MODE = wholemodule;
				SYMROOT = /Users/sohailshafii/src/AIPrograms/LogisticRegressionTest/build;
			};
			name = MinSizeRel;
		};
		204D35E0EE464C8FA1290689 /* Release */ = {
			isa = XCBuildConfiguration;
			buildSettings = {
				ARCHS = arm64;
				SDKROOT = /Applications/Xcode.app/Contents/Developer/Platforms/MacOSX.platform/Developer/SDKs/MacOSX15.5.sdk;
				SWIFT_COMPILATION_MODE = wholemodule;
				SYMROOT = /Users/sohailshafii/src/AIPrograms/LogisticRegressionTest/build;
			};
			name = Release;
		};
		44A989DD262B4310B06FD743 /* RelWithDebInfo */ = {
			isa = XCBuildConfiguration;
			buildSettings = {
				ALWAYS_SEARCH_USER_PATHS = NO;
				ARCHS = arm64;
				COMBINE_HIDPI_IMAGES = YES;
				GCC_GENERATE_DEBUGGING_SYMBOLS = YES;
				GCC_INLINES_ARE_PRIVATE_EXTERN = NO;
				GCC_OPTIMIZATION_LEVEL = 0;
				GCC_PREPROCESSOR_DEFINITIONS = ("'CMAKE_INTDIR=\"$(CONFIGURATION)$(EFFECTIVE_PLATFORM_NAME)\"'","$(inherited)");
				GCC_SYMBOLS_PRIVATE_EXTERN = NO;
				INSTALL_PATH = "";
				ONLY_ACTIVE_ARCH = NO;
				OTHER_LDFLAGS = ("","$(inherited)");
				OTHER_REZFLAGS = "";
				PRODUCT_NAME = ALL_BUILD;
				SECTORDER_FLAGS = "";
				USE_HEADERMAP = NO;
				WARNING_CFLAGS = ("$(inherited)");
			};
			name = RelWithDebInfo;
		};
		4772FD82D3C04C47AA1A1297 /* MinSizeRel */ = {
			isa = XCBuildConfiguration;
			buildSettings = {
				ALWAYS_SEARCH_USER_PATHS = NO;
				ARCHS = arm64;
				COMBINE_HIDPI_IMAGES = YES;
				CONFIGURATION_BUILD_DIR = /Users/sohailshafii/src/AIPrograms/LogisticRegressionTest/MinSizeRel;
				EXECUTABLE_PREFIX = "";
				EXECUTABLE_SUFFIX = "";
				GCC_GENERATE_DEBUGGING_SYMBOLS = NO;
				GCC_INLINES_ARE_PRIVATE_EXTERN = NO;
				GCC_OPTIMIZATION_LEVEL = s;
				GCC_PREPROCESSOR_DEFINITIONS = ("'CMAKE_INTDIR=\"$(CONFIGURATION)$(EFFECTIVE_PLATFORM_NAME)\"'","$(inherited)");
				GCC_SYMBOLS_PRIVATE_EXTERN = NO;
				HEADER_SEARCH_PATHS = (/Users/sohailshafii/src/AIPrograms/LogisticRegressionTest,/Users/sohailshafii/src/AIPrograms/LogisticRegressionTest/src,"$(inherited)");
				INSTALL_PATH = "";
				ONLY_ACTIVE_ARCH = NO;
				OTHER_CPLUSPLUSFLAGS = "    -DNDEBUG '-std=gnu++17' ";
				OTHER_LDFLAGS = (" -Wl,-search_paths_first -Wl,-headerpad_max_install_names","$(inherited)");
				OTHER_REZFLAGS = "";
				PRODUCT_NAME = LogisticRegressionTest;
				SECTORDER_FLAGS = "";
				TARGET_TEMP_DIR = "/Users/sohailshafii/src/AIPrograms/LogisticRegressionTest/build/LogisticRegressionTest.build/$(CONFIGURATION)$(EFFECTIVE_PLATFORM_NAME)";
				USE_HEADERMAP = NO;
				WARNING_CFLAGS = ("$(inherited)");
			};
			name = MinSizeRel;
		};
		5E10FF2FEBAC4C5DAAFD6A94 /* Release */ = {
			isa = XCBuildConfiguration;
			buildSettings = {
				ALWAYS_SEARCH_USER_PATHS = NO;
				ARCHS = arm64;
				COMBINE_HIDPI_IMAGES = YES;
				GCC_GENERATE_DEBUGGING_SYMBOLS = YES;
				GCC_INLINES_ARE_PRIVATE_EXTERN = NO;
				GCC_OPTIMIZATION_LEVEL = 0;
				GCC_PREPROCESSOR_DEFINITIONS = ("'CMAKE_INTDIR=\"$(CONFIGURATION)$(EFFECTIVE_PLATFORM_NAME)\"'","$(inherited)");
				GCC_SYMBOLS_PRIVATE_EXTERN = NO;
				INSTALL_PATH = "";
				ONLY_ACTIVE_ARCH = NO;
				OTHER_LDFLAGS = ("","$(inherited)");
				OTHER_REZFLAGS = "";
				PRODUCT_NAME = ALL_BUILD;
				SECTORDER_FLAGS = "";
				USE_HEADERMAP = NO;
				WARNING_CFLAGS = ("$(inherited)");
			};
			name = Release;
		};
		73CE6FCC64514007A305A836 /* Debug */ = {
			isa = XCBuildConfiguration;
			buildSettings = {
				ARCHS = arm64;
				SDKROOT = /Applications/Xcode.app/Contents/Developer/Platforms/MacOSX.platform/Developer/SDKs/MacOSX15.5.sdk;
				SYMROOT = /Users/sohailshafii/src/AIPrograms/LogisticRegressionTest/build;
			};
			name = Debug;
		};
		7485A5C7EE9A41CD8228D2D2 /* Debug */ = {
			isa = XCBuildConfiguration;
			buildSettings = {
				ALWAYS_SEARCH_USER_PATHS = NO;
				ARCHS = arm64;
				COMBINE_HIDPI_IMAGES = YES;
				GCC_GENERATE_DEBUGGING_SYMBOLS = YES;
				GCC_INLINES_ARE_PRIVATE_EXTERN = NO;
				GCC_OPTIMIZATION_LEVEL = 0;
				GCC_PREPROCESSOR_DEFINITIONS = ("'CMAKE_INTDIR=\"$(CONFIGURATION)$(EFFECTIVE_PLATFORM_NAME)\"'","$(inherited)");
				GCC_SYMBOLS_PRIVATE_EXTERN = NO;
				INSTALL_PATH = "";
				ONLY_ACTIVE_ARCH = NO;
				OTHER_LDFLAGS = ("","$(inherited)");
				OTHER_REZFLAGS = "";
				PRODUCT_NAME = ALL_BUILD;
				SECTORDER_FLAGS = "";
				USE_HEADERMAP = NO;
				WARNING_CFLAGS = ("$(inherited)");
			};
			name = Debug;
		};
		7621FE6EDC6F4BE7A301C237 /* MinSizeRel */ = {
			isa = XCBuildConfiguration;
			buildSettings = {
				ALWAYS_SEARCH_USER_PATHS = NO;
				ARCHS = arm64;
				COMBINE_HIDPI_IMAGES = YES;
				GCC_GENERATE_DEBUGGING_SYMBOLS = YES;
				GCC_INLINES_ARE_PRIVATE_EXTERN = NO;
				GCC_OPTIMIZATION_LEVEL = 0;
				GCC_PREPROCESSOR_DEFINITIONS = ("'CMAKE_INTDIR=\"$(CONFIGURATION)$(EFFECTIVE_PLATFORM_NAME)\"'","$(inherited)");
				GCC_SYMBOLS_PRIVATE_EXTERN = NO;
				INSTALL_PATH = "";
				ONLY_ACTIVE_ARCH = NO;
				OTHER_LDFLAGS = ("","$(inherited)");
				OTHER_REZFLAGS = "";
				PRODUCT_NAME = ALL_BUILD;
				SECTORDER_FLAGS = "";
				USE_HEADERMAP = NO;
				WARNING_CFLAGS = ("$(inherited)");
			};
			name = MinSizeRel;
		};
		88080C6C797B45FF8C70504F /* Debug */ = {
			isa = XCBuildConfiguration;
			buildSettings = {
				ALWAYS_SEARCH_USER_PATHS = NO;
				ARCHS = arm64;
				COMBINE_HIDPI_IMAGES = YES;
				CONFIGURATION_BUILD_DIR = /Users/sohailshafii/src/AIPrograms/LogisticRegressionTest/Debug;
				EXECUTABLE_PREFIX = "";
				EXECUTABLE_SUFFIX = "";
				GCC_GENERATE_DEBUGGING_SYMBOLS = YES;
				GCC_INLINES_ARE_PRIVATE_EXTERN = NO;
				GCC_OPTIMIZATION_LEVEL = 0;
				GCC_PREPROCESSOR_DEFINITIONS = ("'CMAKE_INTDIR=\"$(CONFIGURATION)$(EFFECTIVE_PLATFORM_NAME)\"'","$(inherited)");
				GCC_SYMBOLS_PRIVATE_EXTERN = NO;
				HEADER_SEARCH_PATHS = (/Users/sohailshafii/src/AIPrograms/LogisticRegressionTest,/Users/sohailshafii/src/AIPrograms/LogisticRegressionTest/src,"$(inherited)");
				INSTALL_PATH = "";
				ONLY_ACTIVE_ARCH = NO;
				OTHER_CPLUSPLUSFLAGS = "   '-std=gnu++17' ";
				OTHER_LDFLAGS = (" -Wl,-search_paths_first -Wl,-headerpad_max_install_names","$(inherited)");
				OTHER_REZFLAGS = "";
				PRODUCT_NAME = LogisticRegressionTest;
				SECTORDER_FLAGS = "";
				TARGET_TEMP_DIR = "/Users/sohailshafii/src/AIPrograms/LogisticRegressionTest/build/LogisticRegressionTest.build/$(CONFIGURATION)$(EFFECTIVE_PLATFORM_NAME)";
				USE_HEADERMAP = NO;
				WARNING_CFLAGS = ("$(inherited)");
			};
			name = Debug;
		};
		AA5FDBE9B3D44592B6F26DA6 /* Debug */ = {
			isa = XCBuildConfiguration;
			buildSettings = {
				ALWAYS_SEARCH_USER_PATHS = NO;
				ARCHS = arm64;
				COMBINE_HIDPI_IMAGES = YES;
				GCC_GENERATE_DEBUGGING_SYMBOLS = YES;
				GCC_INLINES_ARE_PRIVATE_EXTERN = NO;
				GCC_OPTIMIZATION_LEVEL = 0;
				GCC_PREPROCESSOR_DEFINITIONS = ("'CMAKE_INTDIR=\"$(CONFIGURATION)$(EFFECTIVE_PLATFORM_NAME)\"'","$(inherited)");
				GCC_SYMBOLS_PRIVATE_EXTERN = NO;
				INSTALL_PATH = "";
				ONLY_ACTIVE_ARCH = NO;
				OTHER_LDFLAGS = ("","$(inherited)");
				OTHER_REZFLAGS = "";
				PRODUCT_NAME = ZERO_CHECK;
				SECTORDER_FLAGS = "";
				USE_HEADERMAP = NO;
				WARNING_CFLAGS = ("$(inherited)");
			};
			name = Debug;
		};
		AE8961279E7F4499A67467DB /* Release */ = {
			isa = XCBuildConfiguration;
			buildSettings = {
				ALWAYS_SEARCH_USER_PATHS = NO;
				ARCHS = arm64;
				COMBINE_HIDPI_IMAGES = YES;
				GCC_GENERATE_DEBUGGING_SYMBOLS = YES;
				GCC_INLINES_ARE_PRIVATE_EXTERN = NO;
				GCC_OPTIMIZATION_LEVEL = 0;
				GCC_PREPROCESSOR_DEFINITIONS = ("'CMAKE_INTDIR=\"$(CONFIGURATION)$(EFFECTIVE_PLATFORM_NAME)\"'","$(inherited)");
				GCC_SYMBOLS_PRIVATE_EXTERN = NO;
				INSTALL_PATH = "";
				ONLY_ACTIVE_ARCH = NO;
				OTHER_LDFLAGS = ("","$(inherited)");
				OTHER_REZFLAGS = "";
				PRODUCT_NAME = ZERO_CHECK;
				SECTORDER_FLAGS = "";
				USE_HEADERMAP = NO;
				WARNING_CFLAGS = ("$(inherited)");
			};
			name = Release;
		};
		B393CE1DE8A942E78949FCA7 /* MinSizeRel */ = {
			isa = XCBuildConfiguration;
			buildSettings = {
				ALWAYS_SEARCH_USER_PATHS = NO;
				ARCHS = arm64;
				COMBINE_HIDPI_IMAGES = YES;
				GCC_GENERATE_DEBUGGING_SYMBOLS = YES;
				GCC_INLINES_ARE_PRIVATE_EXTERN = NO;
				GCC_OPTIMIZATION_LEVEL = 0;
				GCC_PREPROCESSOR_DEFINITIONS = ("'CMAKE_INTDIR=\"$(CONFIGURATION)$(EFFECTIVE_PLATFORM_NAME)\"'","$(inherited)");
				GCC_SYMBOLS_PRIVATE_EXTERN = NO;
				INSTALL_PATH = "";
				ONLY_ACTIVE_ARCH = NO;
				OTHER_LDFLAGS = ("","$(inherited)");
				OTHER_REZFLAGS = "";
				PRODUCT_NAME = ZERO_CHECK;
				SECTORDER_FLAGS = "";
				USE_HEADERMAP = NO;
				WARNING_CFLAGS = ("$(inherited)");
			};
			name = MinSizeRel;
		};
		BC9B42AF3DEF41669504428C /* Release */ = {
			isa = XCBuildConfiguration;
			buildSettings = {
				ALWAYS_SEARCH_USER_PATHS = NO;
				ARCHS = arm64;
				COMBINE_HIDPI_IMAGES = YES;
				CONFIGURATION_BUILD_DIR = /Users/sohailshafii/src/AIPrograms/LogisticRegressionTest/Release;
				EXECUTABLE_PREFIX = "";
				EXECUTABLE_SUFFIX = "";
				GCC_GENERATE_DEBUGGING_SYMBOLS = NO;
				GCC_INLINES_ARE_PRIVATE_EXTERN = NO;
				GCC_OPTIMIZATION_LEVEL = 3;
				GCC_PREPROCESSOR_DEFINITIONS = ("'CMAKE_INTDIR=\"$(CONFIGURATION)$(EFFECTIVE_PLATFORM_NAME)\"'","$(inherited)");
				GCC_SYMBOLS_PRIVATE_EXTERN = NO;
				HEADER_SEARCH_PATHS = (/Users/sohailshafii/src/AIPrograms/LogisticRegressionTest,/Users/sohailshafii/src/AIPrograms/LogisticRegressionTest/src,"$(inherited)");
				INSTALL_PATH = "";
				ONLY_ACTIVE_ARCH = NO;
				OTHER_CPLUSPLUSFLAGS = "    -DNDEBUG '-std=gnu++17' ";
				OTHER_LDFLAGS = (" -Wl,-search_paths_first -Wl,-headerpad_max_install_names","$(inherited)");
				OTHER_REZFLAGS = "";
				PRODUCT_NAME = LogisticRegressionTest;
				SECTORDER_FLAGS = "";
				TARGET_TEMP_DIR = "/Users/sohailshafii/src/AIPrograms/LogisticRegressionTest/build/LogisticRegressionTest.build/$(CONFIGURATION)$(EFFECTIVE_PLATFORM_NAME)";
				USE_HEADERMAP = NO;
				WARNING_CFLAGS = ("$(inherited)");
			};
			name = Release;
		};
		C99CB19112B34B18A6738952 /* RelWithDebInfo */ = {
			isa = XCBuildConfiguration;
			buildSettings = {
				ALWAYS_SEARCH_USER_PATHS = NO;
				ARCHS = arm64;
				COMBINE_HIDPI_IMAGES = YES;
				CONFIGURATION_BUILD_DIR = /Users/sohailshafii/src/AIPrograms/LogisticRegressionTest/RelWithDebInfo;
				EXECUTABLE_PREFIX = "";
				EXECUTABLE_SUFFIX = "";
				GCC_GENERATE_DEBUGGING_SYMBOLS = YES;
				GCC_INLINES_ARE_PRIVATE_EXTERN = NO;
				GCC_OPTIMIZATION_LEVEL = 2;
				GCC_PREPROCESSOR_DEFINITIONS = ("'CMAKE_INTDIR=\"$(CONFIGURATION)$(EFFECTIVE_PLATFORM_NAME)\"'","$(inherited)");
				GCC_SYMBOLS_PRIVATE_EXTERN = NO;
				HEADER_SEARCH_PATHS = (/Users/sohailshafii/src/AIPrograms/LogisticRegressionTest,/Users/sohailshafii/src/AIPrograms/LogisticRegressionTest/src,"$(inherited)");
				INSTALL_PATH = "";
				ONLY_ACTIVE_ARCH = NO;
				OTHER_CPLUSPLUSFLAGS = "       -DNDEBUG '-std=gnu++17' ";
				OTHER_LDFLAGS = (" -Wl,-search_paths_first -Wl,-headerpad_max_install_names","$(inherited)");
				OTHER_REZFLAGS = "";
				PRODUCT_NAME = LogisticRegressionTest;
				SECTORDER_FLAGS = "";
				TARGET_TEMP_DIR = "/Users/sohailshafii/src/AIPrograms/LogisticRegressionTest/build/LogisticRegressionTest.build/$(CONFIGURATION)$(EFFECTIVE_PLATFORM_NAME)";
				USE_HEADERMAP = NO;
				WARNING_CFLAGS = ("$(inherited)");
			};
			name = RelWithDebInfo;
		};
/* End XCBuildConfiguration section */

/* Begin XCConfigurationList section */
		348CCD114C90433AA6DCE52F /* Build configuration list for PBXProject "LogisticRegressionTest" */ = {
			isa = XCConfigurationList;
			buildConfigurations = (
				73CE6FCC64514007A305A836 /* Debug */,
				204D35E0EE464C8FA1290689 /* Release */,
				1EC52498731E463CA7BFA055 /* MinSizeRel */,
				0A52F13925B643A38963CC27 /* RelWithDebInfo */,
			);
			defaultConfigurationIsVisible = 0;
			defaultConfigurationName = Debug;
		};
		4C21CD0EE2244892976706FD /* Build configuration list for PBXNativeTarget "LogisticRegressionTest" */ = {
			isa = XCConfigurationList;
			buildConfigurations = (
				88080C6C797B45FF8C70504F /* Debug */,
				BC9B42AF3DEF41669504428C /* Release */,
				4772FD82D3C04C47AA1A1297 /* MinSizeRel */,
				C99CB19112B34B18A6738952 /* RelWithDebInfo */,
			);
			defaultConfigurationIsVisible = 0;
			defaultConfigurationName = Debug;
		};
		59D701176A654D2A8F01AAF7 /* Build configuration list for PBXAggregateTarget "ALL_BUILD" */ = {
			isa = XCConfigurationList;
			buildConfigurations = (
				7485A5C7EE9A41CD8228D2D2 /* Debug */,
				5E10FF2FEBAC4C5DAAFD6A94 /* Release */,
				7621FE6EDC6F4BE7A301C237 /* MinSizeRel */,
				44A989DD262B4310B06FD743 /* RelWithDebInfo */,
			);
			defaultConfigurationIsVisible = 0;
			defaultConfigurationName = Debug;
		};
		E35B719E3F7940B0A7E662C1 /* Build configuration list for PBXAggregateTarget "ZERO_CHECK" */ = {
			isa = XCConfigurationList;
			buildConfigurations = (
				AA5FDBE9B3D44592B6F26DA6 /* Debug */,
				AE8961279E7F4499A67467DB /* Release */,
				B393CE1DE8A942E78949FCA7 /* MinSizeRel */,
				1173A48846F24B1A94C16EE8 /* RelWithDebInfo */,
			);
			defaultConfigurationIsVisible = 0;
			defaultConfigurationName = Debug;
		};
/* End XCConfigurationList section */
	};
	rootObject = CFF8A9C51CC549D79605AF6B /* Project object */;
}
